// !$*UTF8*$!
{
	archiveVersion = 1;
	classes = {
	};
	objectVersion = 50;
	objects = {

/* Begin PBXBuildFile section */
		11E20E45BB34E3D93E4CF5CD /* Pods_PackageGuardianTests.framework in Frameworks */ = {isa = PBXBuildFile; fileRef = 050DF9487D0DBE82D40A5449 /* Pods_PackageGuardianTests.framework */; };
		32512D7F232C7AA100E71DB5 /* AppDelegate.swift in Sources */ = {isa = PBXBuildFile; fileRef = 32512D7E232C7AA100E71DB5 /* AppDelegate.swift */; };
		32512D81232C7AA100E71DB5 /* ViewController.swift in Sources */ = {isa = PBXBuildFile; fileRef = 32512D80232C7AA100E71DB5 /* ViewController.swift */; };
		32512D84232C7AA100E71DB5 /* Main.storyboard in Resources */ = {isa = PBXBuildFile; fileRef = 32512D82232C7AA100E71DB5 /* Main.storyboard */; };
		32512D86232C7AA200E71DB5 /* Assets.xcassets in Resources */ = {isa = PBXBuildFile; fileRef = 32512D85232C7AA200E71DB5 /* Assets.xcassets */; };
		32512D89232C7AA200E71DB5 /* LaunchScreen.storyboard in Resources */ = {isa = PBXBuildFile; fileRef = 32512D87232C7AA200E71DB5 /* LaunchScreen.storyboard */; };
		32512D94232C7AA200E71DB5 /* PackageGuardianTests.swift in Sources */ = {isa = PBXBuildFile; fileRef = 32512D93232C7AA200E71DB5 /* PackageGuardianTests.swift */; };
		32512D9F232C7AA200E71DB5 /* PackageGuardianUITests.swift in Sources */ = {isa = PBXBuildFile; fileRef = 32512D9E232C7AA200E71DB5 /* PackageGuardianUITests.swift */; };
		32512DAD232C7F4800E71DB5 /* ActivateViewController.swift in Sources */ = {isa = PBXBuildFile; fileRef = 32512DAC232C7F4800E71DB5 /* ActivateViewController.swift */; };
		327AEE1C2356AF9500A55316 /* DeactivateViewController.swift in Sources */ = {isa = PBXBuildFile; fileRef = 327AEE1B2356AF9500A55316 /* DeactivateViewController.swift */; };
		328A4CC3233CFD6B00A1CC3F /* WifiViewController.swift in Sources */ = {isa = PBXBuildFile; fileRef = 328A4CC2233CFD6B00A1CC3F /* WifiViewController.swift */; };
		32AC5FE4232DE65800789457 /* CoreBluetooth.framework in Frameworks */ = {isa = PBXBuildFile; fileRef = 32AC5FE3232DE65800789457 /* CoreBluetooth.framework */; };
		32E72DFB235EA0D60002E609 /* AddressViewController.swift in Sources */ = {isa = PBXBuildFile; fileRef = 32E72DFA235EA0D60002E609 /* AddressViewController.swift */; };
		32E72DFD235EA5EA0002E609 /* Users.swift in Sources */ = {isa = PBXBuildFile; fileRef = 32E72DFC235EA5EA0002E609 /* Users.swift */; };
		32E72DFF235EA8970002E609 /* AddressTableViewCell.swift in Sources */ = {isa = PBXBuildFile; fileRef = 32E72DFE235EA8970002E609 /* AddressTableViewCell.swift */; };
		32F29AB9235EB49A00B8882A /* GoogleService-Info.plist in Resources */ = {isa = PBXBuildFile; fileRef = 32F29AB8235EB49A00B8882A /* GoogleService-Info.plist */; };
		32F29ABA235EB49A00B8882A /* GoogleService-Info.plist in Resources */ = {isa = PBXBuildFile; fileRef = 32F29AB8235EB49A00B8882A /* GoogleService-Info.plist */; };
		32F29ABB235EB49A00B8882A /* GoogleService-Info.plist in Resources */ = {isa = PBXBuildFile; fileRef = 32F29AB8235EB49A00B8882A /* GoogleService-Info.plist */; };
		514F217FC9A53D8DFA2B8081 /* Pods_PackageGuardian.framework in Frameworks */ = {isa = PBXBuildFile; fileRef = 1C69475D93EDD0B01CDEA009 /* Pods_PackageGuardian.framework */; };
		58C93E82A6DDA69824CC591A /* Pods_PackageGuardianUITests.framework in Frameworks */ = {isa = PBXBuildFile; fileRef = 34EA6B746EAA886634089A85 /* Pods_PackageGuardianUITests.framework */; };
/* End PBXBuildFile section */

/* Begin PBXContainerItemProxy section */
		32512D90232C7AA200E71DB5 /* PBXContainerItemProxy */ = {
			isa = PBXContainerItemProxy;
			containerPortal = 32512D73232C7AA100E71DB5 /* Project object */;
			proxyType = 1;
			remoteGlobalIDString = 32512D7A232C7AA100E71DB5;
			remoteInfo = PackageGuardian;
		};
		32512D9B232C7AA200E71DB5 /* PBXContainerItemProxy */ = {
			isa = PBXContainerItemProxy;
			containerPortal = 32512D73232C7AA100E71DB5 /* Project object */;
			proxyType = 1;
			remoteGlobalIDString = 32512D7A232C7AA100E71DB5;
			remoteInfo = PackageGuardian;
		};
/* End PBXContainerItemProxy section */

/* Begin PBXFileReference section */
		050DF9487D0DBE82D40A5449 /* Pods_PackageGuardianTests.framework */ = {isa = PBXFileReference; explicitFileType = wrapper.framework; includeInIndex = 0; path = Pods_PackageGuardianTests.framework; sourceTree = BUILT_PRODUCTS_DIR; };
		1C69475D93EDD0B01CDEA009 /* Pods_PackageGuardian.framework */ = {isa = PBXFileReference; explicitFileType = wrapper.framework; includeInIndex = 0; path = Pods_PackageGuardian.framework; sourceTree = BUILT_PRODUCTS_DIR; };
		2CAE15DE43DD9D569CD5FE52 /* Pods-PackageGuardianTests.release.xcconfig */ = {isa = PBXFileReference; includeInIndex = 1; lastKnownFileType = text.xcconfig; name = "Pods-PackageGuardianTests.release.xcconfig"; path = "Pods/Target Support Files/Pods-PackageGuardianTests/Pods-PackageGuardianTests.release.xcconfig"; sourceTree = "<group>"; };
		32512D7B232C7AA100E71DB5 /* PackageGuardian.app */ = {isa = PBXFileReference; explicitFileType = wrapper.application; includeInIndex = 0; path = PackageGuardian.app; sourceTree = BUILT_PRODUCTS_DIR; };
		32512D7E232C7AA100E71DB5 /* AppDelegate.swift */ = {isa = PBXFileReference; lastKnownFileType = sourcecode.swift; path = AppDelegate.swift; sourceTree = "<group>"; };
		32512D80232C7AA100E71DB5 /* ViewController.swift */ = {isa = PBXFileReference; lastKnownFileType = sourcecode.swift; path = ViewController.swift; sourceTree = "<group>"; };
		32512D83232C7AA100E71DB5 /* Base */ = {isa = PBXFileReference; lastKnownFileType = file.storyboard; name = Base; path = Base.lproj/Main.storyboard; sourceTree = "<group>"; };
		32512D85232C7AA200E71DB5 /* Assets.xcassets */ = {isa = PBXFileReference; lastKnownFileType = folder.assetcatalog; path = Assets.xcassets; sourceTree = "<group>"; };
		32512D88232C7AA200E71DB5 /* Base */ = {isa = PBXFileReference; lastKnownFileType = file.storyboard; name = Base; path = Base.lproj/LaunchScreen.storyboard; sourceTree = "<group>"; };
		32512D8A232C7AA200E71DB5 /* Info.plist */ = {isa = PBXFileReference; lastKnownFileType = text.plist.xml; path = Info.plist; sourceTree = "<group>"; };
		32512D8F232C7AA200E71DB5 /* PackageGuardianTests.xctest */ = {isa = PBXFileReference; explicitFileType = wrapper.cfbundle; includeInIndex = 0; path = PackageGuardianTests.xctest; sourceTree = BUILT_PRODUCTS_DIR; };
		32512D93232C7AA200E71DB5 /* PackageGuardianTests.swift */ = {isa = PBXFileReference; lastKnownFileType = sourcecode.swift; path = PackageGuardianTests.swift; sourceTree = "<group>"; };
		32512D95232C7AA200E71DB5 /* Info.plist */ = {isa = PBXFileReference; lastKnownFileType = text.plist.xml; path = Info.plist; sourceTree = "<group>"; };
		32512D9A232C7AA200E71DB5 /* PackageGuardianUITests.xctest */ = {isa = PBXFileReference; explicitFileType = wrapper.cfbundle; includeInIndex = 0; path = PackageGuardianUITests.xctest; sourceTree = BUILT_PRODUCTS_DIR; };
		32512D9E232C7AA200E71DB5 /* PackageGuardianUITests.swift */ = {isa = PBXFileReference; lastKnownFileType = sourcecode.swift; path = PackageGuardianUITests.swift; sourceTree = "<group>"; };
		32512DA0232C7AA200E71DB5 /* Info.plist */ = {isa = PBXFileReference; lastKnownFileType = text.plist.xml; path = Info.plist; sourceTree = "<group>"; };
		32512DAC232C7F4800E71DB5 /* ActivateViewController.swift */ = {isa = PBXFileReference; lastKnownFileType = sourcecode.swift; path = ActivateViewController.swift; sourceTree = "<group>"; };
		327AEE1B2356AF9500A55316 /* DeactivateViewController.swift */ = {isa = PBXFileReference; lastKnownFileType = sourcecode.swift; path = DeactivateViewController.swift; sourceTree = "<group>"; };
		328A4CC2233CFD6B00A1CC3F /* WifiViewController.swift */ = {isa = PBXFileReference; lastKnownFileType = sourcecode.swift; path = WifiViewController.swift; sourceTree = "<group>"; };
		32AC5FE3232DE65800789457 /* CoreBluetooth.framework */ = {isa = PBXFileReference; lastKnownFileType = wrapper.framework; name = CoreBluetooth.framework; path = System/Library/Frameworks/CoreBluetooth.framework; sourceTree = SDKROOT; };
		32E72DFA235EA0D60002E609 /* AddressViewController.swift */ = {isa = PBXFileReference; lastKnownFileType = sourcecode.swift; path = AddressViewController.swift; sourceTree = "<group>"; };
		32E72DFC235EA5EA0002E609 /* Users.swift */ = {isa = PBXFileReference; lastKnownFileType = sourcecode.swift; path = Users.swift; sourceTree = "<group>"; };
		32E72DFE235EA8970002E609 /* AddressTableViewCell.swift */ = {isa = PBXFileReference; lastKnownFileType = sourcecode.swift; path = AddressTableViewCell.swift; sourceTree = "<group>"; };
		32F29AB8235EB49A00B8882A /* GoogleService-Info.plist */ = {isa = PBXFileReference; fileEncoding = 4; lastKnownFileType = text.plist.xml; path = "GoogleService-Info.plist"; sourceTree = "<group>"; };
		34EA6B746EAA886634089A85 /* Pods_PackageGuardianUITests.framework */ = {isa = PBXFileReference; explicitFileType = wrapper.framework; includeInIndex = 0; path = Pods_PackageGuardianUITests.framework; sourceTree = BUILT_PRODUCTS_DIR; };
		653CA74709E4D20DFE3A24B0 /* Pods-PackageGuardian.release.xcconfig */ = {isa = PBXFileReference; includeInIndex = 1; lastKnownFileType = text.xcconfig; name = "Pods-PackageGuardian.release.xcconfig"; path = "Pods/Target Support Files/Pods-PackageGuardian/Pods-PackageGuardian.release.xcconfig"; sourceTree = "<group>"; };
		9C20935BD3BDEB175F06F0F2 /* Pods-PackageGuardian.debug.xcconfig */ = {isa = PBXFileReference; includeInIndex = 1; lastKnownFileType = text.xcconfig; name = "Pods-PackageGuardian.debug.xcconfig"; path = "Pods/Target Support Files/Pods-PackageGuardian/Pods-PackageGuardian.debug.xcconfig"; sourceTree = "<group>"; };
		D0AAF68039F9A2C9D73462D4 /* Pods-PackageGuardianTests.debug.xcconfig */ = {isa = PBXFileReference; includeInIndex = 1; lastKnownFileType = text.xcconfig; name = "Pods-PackageGuardianTests.debug.xcconfig"; path = "Pods/Target Support Files/Pods-PackageGuardianTests/Pods-PackageGuardianTests.debug.xcconfig"; sourceTree = "<group>"; };
		F5F4674A70DACE6719BA3E7B /* Pods-PackageGuardianUITests.release.xcconfig */ = {isa = PBXFileReference; includeInIndex = 1; lastKnownFileType = text.xcconfig; name = "Pods-PackageGuardianUITests.release.xcconfig"; path = "Pods/Target Support Files/Pods-PackageGuardianUITests/Pods-PackageGuardianUITests.release.xcconfig"; sourceTree = "<group>"; };
		FACBC50417740A6460D4A8CA /* Pods-PackageGuardianUITests.debug.xcconfig */ = {isa = PBXFileReference; includeInIndex = 1; lastKnownFileType = text.xcconfig; name = "Pods-PackageGuardianUITests.debug.xcconfig"; path = "Pods/Target Support Files/Pods-PackageGuardianUITests/Pods-PackageGuardianUITests.debug.xcconfig"; sourceTree = "<group>"; };
/* End PBXFileReference section */

/* Begin PBXFrameworksBuildPhase section */
		32512D78232C7AA100E71DB5 /* Frameworks */ = {
			isa = PBXFrameworksBuildPhase;
			buildActionMask = 2147483647;
			files = (
				32AC5FE4232DE65800789457 /* CoreBluetooth.framework in Frameworks */,
				514F217FC9A53D8DFA2B8081 /* Pods_PackageGuardian.framework in Frameworks */,
			);
			runOnlyForDeploymentPostprocessing = 0;
		};
		32512D8C232C7AA200E71DB5 /* Frameworks */ = {
			isa = PBXFrameworksBuildPhase;
			buildActionMask = 2147483647;
			files = (
				11E20E45BB34E3D93E4CF5CD /* Pods_PackageGuardianTests.framework in Frameworks */,
			);
			runOnlyForDeploymentPostprocessing = 0;
		};
		32512D97232C7AA200E71DB5 /* Frameworks */ = {
			isa = PBXFrameworksBuildPhase;
			buildActionMask = 2147483647;
			files = (
				58C93E82A6DDA69824CC591A /* Pods_PackageGuardianUITests.framework in Frameworks */,
			);
			runOnlyForDeploymentPostprocessing = 0;
		};
/* End PBXFrameworksBuildPhase section */

/* Begin PBXGroup section */
		0EECBCA6E8B7963D2BA0DDFA /* Frameworks */ = {
			isa = PBXGroup;
			children = (
				32AC5FE3232DE65800789457 /* CoreBluetooth.framework */,
				1C69475D93EDD0B01CDEA009 /* Pods_PackageGuardian.framework */,
				050DF9487D0DBE82D40A5449 /* Pods_PackageGuardianTests.framework */,
				34EA6B746EAA886634089A85 /* Pods_PackageGuardianUITests.framework */,
			);
			name = Frameworks;
			sourceTree = "<group>";
		};
		32512D72232C7AA100E71DB5 = {
			isa = PBXGroup;
			children = (
				32512D7D232C7AA100E71DB5 /* PackageGuardian */,
				32512D92232C7AA200E71DB5 /* PackageGuardianTests */,
				32512D9D232C7AA200E71DB5 /* PackageGuardianUITests */,
				32512D7C232C7AA100E71DB5 /* Products */,
				0EECBCA6E8B7963D2BA0DDFA /* Frameworks */,
				C79D8D5CD3836D3A00BDD6B2 /* Pods */,
			);
			sourceTree = "<group>";
		};
		32512D7C232C7AA100E71DB5 /* Products */ = {
			isa = PBXGroup;
			children = (
				32512D7B232C7AA100E71DB5 /* PackageGuardian.app */,
				32512D8F232C7AA200E71DB5 /* PackageGuardianTests.xctest */,
				32512D9A232C7AA200E71DB5 /* PackageGuardianUITests.xctest */,
			);
			name = Products;
			sourceTree = "<group>";
		};
		32512D7D232C7AA100E71DB5 /* PackageGuardian */ = {
			isa = PBXGroup;
			children = (
				32F29AB8235EB49A00B8882A /* GoogleService-Info.plist */,
				32512D80232C7AA100E71DB5 /* ViewController.swift */,
				32E72DFA235EA0D60002E609 /* AddressViewController.swift */,
				32E72DFE235EA8970002E609 /* AddressTableViewCell.swift */,
				32E72DFC235EA5EA0002E609 /* Users.swift */,
				32512D82232C7AA100E71DB5 /* Main.storyboard */,
				327AEE1B2356AF9500A55316 /* DeactivateViewController.swift */,
				32512D7E232C7AA100E71DB5 /* AppDelegate.swift */,
				328A4CC2233CFD6B00A1CC3F /* WifiViewController.swift */,
				32512DAC232C7F4800E71DB5 /* ActivateViewController.swift */,
				32512D85232C7AA200E71DB5 /* Assets.xcassets */,
				32512D87232C7AA200E71DB5 /* LaunchScreen.storyboard */,
				32512D8A232C7AA200E71DB5 /* Info.plist */,
			);
			path = PackageGuardian;
			sourceTree = "<group>";
		};
		32512D92232C7AA200E71DB5 /* PackageGuardianTests */ = {
			isa = PBXGroup;
			children = (
				32512D93232C7AA200E71DB5 /* PackageGuardianTests.swift */,
				32512D95232C7AA200E71DB5 /* Info.plist */,
			);
			path = PackageGuardianTests;
			sourceTree = "<group>";
		};
		32512D9D232C7AA200E71DB5 /* PackageGuardianUITests */ = {
			isa = PBXGroup;
			children = (
				32512D9E232C7AA200E71DB5 /* PackageGuardianUITests.swift */,
				32512DA0232C7AA200E71DB5 /* Info.plist */,
			);
			path = PackageGuardianUITests;
			sourceTree = "<group>";
		};
		C79D8D5CD3836D3A00BDD6B2 /* Pods */ = {
			isa = PBXGroup;
			children = (
				9C20935BD3BDEB175F06F0F2 /* Pods-PackageGuardian.debug.xcconfig */,
				653CA74709E4D20DFE3A24B0 /* Pods-PackageGuardian.release.xcconfig */,
				D0AAF68039F9A2C9D73462D4 /* Pods-PackageGuardianTests.debug.xcconfig */,
				2CAE15DE43DD9D569CD5FE52 /* Pods-PackageGuardianTests.release.xcconfig */,
				FACBC50417740A6460D4A8CA /* Pods-PackageGuardianUITests.debug.xcconfig */,
				F5F4674A70DACE6719BA3E7B /* Pods-PackageGuardianUITests.release.xcconfig */,
			);
			name = Pods;
			sourceTree = "<group>";
		};
/* End PBXGroup section */

/* Begin PBXNativeTarget section */
		32512D7A232C7AA100E71DB5 /* PackageGuardian */ = {
			isa = PBXNativeTarget;
			buildConfigurationList = 32512DA3232C7AA200E71DB5 /* Build configuration list for PBXNativeTarget "PackageGuardian" */;
			buildPhases = (
				BD573E334C3150EFD68A6A29 /* [CP] Check Pods Manifest.lock */,
				32512D77232C7AA100E71DB5 /* Sources */,
				32512D78232C7AA100E71DB5 /* Frameworks */,
				32512D79232C7AA100E71DB5 /* Resources */,
				FD7BC1539917429E74E85BB6 /* [CP] Embed Pods Frameworks */,
			);
			buildRules = (
			);
			dependencies = (
			);
			name = PackageGuardian;
			productName = PackageGuardian;
			productReference = 32512D7B232C7AA100E71DB5 /* PackageGuardian.app */;
			productType = "com.apple.product-type.application";
		};
		32512D8E232C7AA200E71DB5 /* PackageGuardianTests */ = {
			isa = PBXNativeTarget;
			buildConfigurationList = 32512DA6232C7AA200E71DB5 /* Build configuration list for PBXNativeTarget "PackageGuardianTests" */;
			buildPhases = (
				CAA3F74A09E48FD8CDD3FB1F /* [CP] Check Pods Manifest.lock */,
				32512D8B232C7AA200E71DB5 /* Sources */,
				32512D8C232C7AA200E71DB5 /* Frameworks */,
				32512D8D232C7AA200E71DB5 /* Resources */,
			);
			buildRules = (
			);
			dependencies = (
				32512D91232C7AA200E71DB5 /* PBXTargetDependency */,
			);
			name = PackageGuardianTests;
			productName = PackageGuardianTests;
			productReference = 32512D8F232C7AA200E71DB5 /* PackageGuardianTests.xctest */;
			productType = "com.apple.product-type.bundle.unit-test";
		};
		32512D99232C7AA200E71DB5 /* PackageGuardianUITests */ = {
			isa = PBXNativeTarget;
			buildConfigurationList = 32512DA9232C7AA200E71DB5 /* Build configuration list for PBXNativeTarget "PackageGuardianUITests" */;
			buildPhases = (
				DCB32B6F154D000B3CCE406A /* [CP] Check Pods Manifest.lock */,
				32512D96232C7AA200E71DB5 /* Sources */,
				32512D97232C7AA200E71DB5 /* Frameworks */,
				32512D98232C7AA200E71DB5 /* Resources */,
			);
			buildRules = (
			);
			dependencies = (
				32512D9C232C7AA200E71DB5 /* PBXTargetDependency */,
			);
			name = PackageGuardianUITests;
			productName = PackageGuardianUITests;
			productReference = 32512D9A232C7AA200E71DB5 /* PackageGuardianUITests.xctest */;
			productType = "com.apple.product-type.bundle.ui-testing";
		};
/* End PBXNativeTarget section */

/* Begin PBXProject section */
		32512D73232C7AA100E71DB5 /* Project object */ = {
			isa = PBXProject;
			attributes = {
				LastSwiftUpdateCheck = 1030;
				LastUpgradeCheck = 1030;
				ORGANIZATIONNAME = SSW695;
				TargetAttributes = {
					32512D7A232C7AA100E71DB5 = {
						CreatedOnToolsVersion = 10.3;
					};
					32512D8E232C7AA200E71DB5 = {
						CreatedOnToolsVersion = 10.3;
						TestTargetID = 32512D7A232C7AA100E71DB5;
					};
					32512D99232C7AA200E71DB5 = {
						CreatedOnToolsVersion = 10.3;
						TestTargetID = 32512D7A232C7AA100E71DB5;
					};
				};
			};
			buildConfigurationList = 32512D76232C7AA100E71DB5 /* Build configuration list for PBXProject "PackageGuardian" */;
			compatibilityVersion = "Xcode 9.3";
			developmentRegion = en;
			hasScannedForEncodings = 0;
			knownRegions = (
				en,
				Base,
			);
			mainGroup = 32512D72232C7AA100E71DB5;
			productRefGroup = 32512D7C232C7AA100E71DB5 /* Products */;
			projectDirPath = "";
			projectRoot = "";
			targets = (
				32512D7A232C7AA100E71DB5 /* PackageGuardian */,
				32512D8E232C7AA200E71DB5 /* PackageGuardianTests */,
				32512D99232C7AA200E71DB5 /* PackageGuardianUITests */,
			);
		};
/* End PBXProject section */

/* Begin PBXResourcesBuildPhase section */
		32512D79232C7AA100E71DB5 /* Resources */ = {
			isa = PBXResourcesBuildPhase;
			buildActionMask = 2147483647;
			files = (
				32512D89232C7AA200E71DB5 /* LaunchScreen.storyboard in Resources */,
				32F29AB9235EB49A00B8882A /* GoogleService-Info.plist in Resources */,
				32512D86232C7AA200E71DB5 /* Assets.xcassets in Resources */,
				32512D84232C7AA100E71DB5 /* Main.storyboard in Resources */,
			);
			runOnlyForDeploymentPostprocessing = 0;
		};
		32512D8D232C7AA200E71DB5 /* Resources */ = {
			isa = PBXResourcesBuildPhase;
			buildActionMask = 2147483647;
			files = (
				32F29ABA235EB49A00B8882A /* GoogleService-Info.plist in Resources */,
			);
			runOnlyForDeploymentPostprocessing = 0;
		};
		32512D98232C7AA200E71DB5 /* Resources */ = {
			isa = PBXResourcesBuildPhase;
			buildActionMask = 2147483647;
			files = (
				32F29ABB235EB49A00B8882A /* GoogleService-Info.plist in Resources */,
			);
			runOnlyForDeploymentPostprocessing = 0;
		};
/* End PBXResourcesBuildPhase section */

/* Begin PBXShellScriptBuildPhase section */
		BD573E334C3150EFD68A6A29 /* [CP] Check Pods Manifest.lock */ = {
			isa = PBXShellScriptBuildPhase;
			buildActionMask = 2147483647;
			files = (
			);
			inputFileListPaths = (
			);
			inputPaths = (
				"${PODS_PODFILE_DIR_PATH}/Podfile.lock",
				"${PODS_ROOT}/Manifest.lock",
			);
			name = "[CP] Check Pods Manifest.lock";
			outputFileListPaths = (
			);
			outputPaths = (
				"$(DERIVED_FILE_DIR)/Pods-PackageGuardian-checkManifestLockResult.txt",
			);
			runOnlyForDeploymentPostprocessing = 0;
			shellPath = /bin/sh;
			shellScript = "diff \"${PODS_PODFILE_DIR_PATH}/Podfile.lock\" \"${PODS_ROOT}/Manifest.lock\" > /dev/null\nif [ $? != 0 ] ; then\n    # print error to STDERR\n    echo \"error: The sandbox is not in sync with the Podfile.lock. Run 'pod install' or update your CocoaPods installation.\" >&2\n    exit 1\nfi\n# This output is used by Xcode 'outputs' to avoid re-running this script phase.\necho \"SUCCESS\" > \"${SCRIPT_OUTPUT_FILE_0}\"\n";
			showEnvVarsInLog = 0;
		};
		CAA3F74A09E48FD8CDD3FB1F /* [CP] Check Pods Manifest.lock */ = {
			isa = PBXShellScriptBuildPhase;
			buildActionMask = 2147483647;
			files = (
			);
			inputFileListPaths = (
			);
			inputPaths = (
				"${PODS_PODFILE_DIR_PATH}/Podfile.lock",
				"${PODS_ROOT}/Manifest.lock",
			);
			name = "[CP] Check Pods Manifest.lock";
			outputFileListPaths = (
			);
			outputPaths = (
				"$(DERIVED_FILE_DIR)/Pods-PackageGuardianTests-checkManifestLockResult.txt",
			);
			runOnlyForDeploymentPostprocessing = 0;
			shellPath = /bin/sh;
			shellScript = "diff \"${PODS_PODFILE_DIR_PATH}/Podfile.lock\" \"${PODS_ROOT}/Manifest.lock\" > /dev/null\nif [ $? != 0 ] ; then\n    # print error to STDERR\n    echo \"error: The sandbox is not in sync with the Podfile.lock. Run 'pod install' or update your CocoaPods installation.\" >&2\n    exit 1\nfi\n# This output is used by Xcode 'outputs' to avoid re-running this script phase.\necho \"SUCCESS\" > \"${SCRIPT_OUTPUT_FILE_0}\"\n";
			showEnvVarsInLog = 0;
		};
		DCB32B6F154D000B3CCE406A /* [CP] Check Pods Manifest.lock */ = {
			isa = PBXShellScriptBuildPhase;
			buildActionMask = 2147483647;
			files = (
			);
			inputFileListPaths = (
			);
			inputPaths = (
				"${PODS_PODFILE_DIR_PATH}/Podfile.lock",
				"${PODS_ROOT}/Manifest.lock",
			);
			name = "[CP] Check Pods Manifest.lock";
			outputFileListPaths = (
			);
			outputPaths = (
				"$(DERIVED_FILE_DIR)/Pods-PackageGuardianUITests-checkManifestLockResult.txt",
			);
			runOnlyForDeploymentPostprocessing = 0;
			shellPath = /bin/sh;
			shellScript = "diff \"${PODS_PODFILE_DIR_PATH}/Podfile.lock\" \"${PODS_ROOT}/Manifest.lock\" > /dev/null\nif [ $? != 0 ] ; then\n    # print error to STDERR\n    echo \"error: The sandbox is not in sync with the Podfile.lock. Run 'pod install' or update your CocoaPods installation.\" >&2\n    exit 1\nfi\n# This output is used by Xcode 'outputs' to avoid re-running this script phase.\necho \"SUCCESS\" > \"${SCRIPT_OUTPUT_FILE_0}\"\n";
			showEnvVarsInLog = 0;
		};
		FD7BC1539917429E74E85BB6 /* [CP] Embed Pods Frameworks */ = {
			isa = PBXShellScriptBuildPhase;
			buildActionMask = 2147483647;
			files = (
			);
			inputFileListPaths = (
			);
			inputPaths = (
				"${SRCROOT}/Pods/Target Support Files/Pods-PackageGuardian/Pods-PackageGuardian-frameworks.sh",
				"${BUILT_PRODUCTS_DIR}/CocoaAsyncSocket/CocoaAsyncSocket.framework",
				"${BUILT_PRODUCTS_DIR}/CocoaMQTT/CocoaMQTT.framework",
				"${BUILT_PRODUCTS_DIR}/GTMSessionFetcher/GTMSessionFetcher.framework",
				"${BUILT_PRODUCTS_DIR}/GoogleUtilities/GoogleUtilities.framework",
				"${BUILT_PRODUCTS_DIR}/MBProgressHUD/MBProgressHUD.framework",
				"${BUILT_PRODUCTS_DIR}/leveldb-library/leveldb.framework",
				"${BUILT_PRODUCTS_DIR}/nanopb/nanopb.framework",
			);
			name = "[CP] Embed Pods Frameworks";
			outputFileListPaths = (
			);
			outputPaths = (
				"${TARGET_BUILD_DIR}/${FRAMEWORKS_FOLDER_PATH}/CocoaAsyncSocket.framework",
				"${TARGET_BUILD_DIR}/${FRAMEWORKS_FOLDER_PATH}/CocoaMQTT.framework",
				"${TARGET_BUILD_DIR}/${FRAMEWORKS_FOLDER_PATH}/GTMSessionFetcher.framework",
				"${TARGET_BUILD_DIR}/${FRAMEWORKS_FOLDER_PATH}/GoogleUtilities.framework",
				"${TARGET_BUILD_DIR}/${FRAMEWORKS_FOLDER_PATH}/MBProgressHUD.framework",
				"${TARGET_BUILD_DIR}/${FRAMEWORKS_FOLDER_PATH}/leveldb.framework",
				"${TARGET_BUILD_DIR}/${FRAMEWORKS_FOLDER_PATH}/nanopb.framework",
			);
			runOnlyForDeploymentPostprocessing = 0;
			shellPath = /bin/sh;
			shellScript = "\"${SRCROOT}/Pods/Target Support Files/Pods-PackageGuardian/Pods-PackageGuardian-frameworks.sh\"\n";
			showEnvVarsInLog = 0;
		};
/* End PBXShellScriptBuildPhase section */

/* Begin PBXSourcesBuildPhase section */
		32512D77232C7AA100E71DB5 /* Sources */ = {
			isa = PBXSourcesBuildPhase;
			buildActionMask = 2147483647;
			files = (
				32512D81232C7AA100E71DB5 /* ViewController.swift in Sources */,
				328A4CC3233CFD6B00A1CC3F /* WifiViewController.swift in Sources */,
				327AEE1C2356AF9500A55316 /* DeactivateViewController.swift in Sources */,
				32E72DFB235EA0D60002E609 /* AddressViewController.swift in Sources */,
				32512DAD232C7F4800E71DB5 /* ActivateViewController.swift in Sources */,
				32512D7F232C7AA100E71DB5 /* AppDelegate.swift in Sources */,
				32E72DFF235EA8970002E609 /* AddressTableViewCell.swift in Sources */,
				32E72DFD235EA5EA0002E609 /* Users.swift in Sources */,
			);
			runOnlyForDeploymentPostprocessing = 0;
		};
		32512D8B232C7AA200E71DB5 /* Sources */ = {
			isa = PBXSourcesBuildPhase;
			buildActionMask = 2147483647;
			files = (
				32512D94232C7AA200E71DB5 /* PackageGuardianTests.swift in Sources */,
			);
			runOnlyForDeploymentPostprocessing = 0;
		};
		32512D96232C7AA200E71DB5 /* Sources */ = {
			isa = PBXSourcesBuildPhase;
			buildActionMask = 2147483647;
			files = (
				32512D9F232C7AA200E71DB5 /* PackageGuardianUITests.swift in Sources */,
			);
			runOnlyForDeploymentPostprocessing = 0;
		};
/* End PBXSourcesBuildPhase section */

/* Begin PBXTargetDependency section */
		32512D91232C7AA200E71DB5 /* PBXTargetDependency */ = {
			isa = PBXTargetDependency;
			target = 32512D7A232C7AA100E71DB5 /* PackageGuardian */;
			targetProxy = 32512D90232C7AA200E71DB5 /* PBXContainerItemProxy */;
		};
		32512D9C232C7AA200E71DB5 /* PBXTargetDependency */ = {
			isa = PBXTargetDependency;
			target = 32512D7A232C7AA100E71DB5 /* PackageGuardian */;
			targetProxy = 32512D9B232C7AA200E71DB5 /* PBXContainerItemProxy */;
		};
/* End PBXTargetDependency section */

/* Begin PBXVariantGroup section */
		32512D82232C7AA100E71DB5 /* Main.storyboard */ = {
			isa = PBXVariantGroup;
			children = (
				32512D83232C7AA100E71DB5 /* Base */,
			);
			name = Main.storyboard;
			sourceTree = "<group>";
		};
		32512D87232C7AA200E71DB5 /* LaunchScreen.storyboard */ = {
			isa = PBXVariantGroup;
			children = (
				32512D88232C7AA200E71DB5 /* Base */,
			);
			name = LaunchScreen.storyboard;
			sourceTree = "<group>";
		};
/* End PBXVariantGroup section */

/* Begin XCBuildConfiguration section */
		32512DA1232C7AA200E71DB5 /* Debug */ = {
			isa = XCBuildConfiguration;
			buildSettings = {
				ALWAYS_SEARCH_USER_PATHS = NO;
				CLANG_ANALYZER_NONNULL = YES;
				CLANG_ANALYZER_NUMBER_OBJECT_CONVERSION = YES_AGGRESSIVE;
				CLANG_CXX_LANGUAGE_STANDARD = "gnu++14";
				CLANG_CXX_LIBRARY = "libc++";
				CLANG_ENABLE_MODULES = YES;
				CLANG_ENABLE_OBJC_ARC = YES;
				CLANG_ENABLE_OBJC_WEAK = YES;
				CLANG_WARN_BLOCK_CAPTURE_AUTORELEASING = YES;
				CLANG_WARN_BOOL_CONVERSION = YES;
				CLANG_WARN_COMMA = YES;
				CLANG_WARN_CONSTANT_CONVERSION = YES;
				CLANG_WARN_DEPRECATED_OBJC_IMPLEMENTATIONS = YES;
				CLANG_WARN_DIRECT_OBJC_ISA_USAGE = YES_ERROR;
				CLANG_WARN_DOCUMENTATION_COMMENTS = YES;
				CLANG_WARN_EMPTY_BODY = YES;
				CLANG_WARN_ENUM_CONVERSION = YES;
				CLANG_WARN_INFINITE_RECURSION = YES;
				CLANG_WARN_INT_CONVERSION = YES;
				CLANG_WARN_NON_LITERAL_NULL_CONVERSION = YES;
				CLANG_WARN_OBJC_IMPLICIT_RETAIN_SELF = YES;
				CLANG_WARN_OBJC_LITERAL_CONVERSION = YES;
				CLANG_WARN_OBJC_ROOT_CLASS = YES_ERROR;
				CLANG_WARN_RANGE_LOOP_ANALYSIS = YES;
				CLANG_WARN_STRICT_PROTOTYPES = YES;
				CLANG_WARN_SUSPICIOUS_MOVE = YES;
				CLANG_WARN_UNGUARDED_AVAILABILITY = YES_AGGRESSIVE;
				CLANG_WARN_UNREACHABLE_CODE = YES;
				CLANG_WARN__DUPLICATE_METHOD_MATCH = YES;
				CODE_SIGN_IDENTITY = "iPhone Developer";
				COPY_PHASE_STRIP = NO;
				DEBUG_INFORMATION_FORMAT = dwarf;
				ENABLE_STRICT_OBJC_MSGSEND = YES;
				ENABLE_TESTABILITY = YES;
				GCC_C_LANGUAGE_STANDARD = gnu11;
				GCC_DYNAMIC_NO_PIC = NO;
				GCC_NO_COMMON_BLOCKS = YES;
				GCC_OPTIMIZATION_LEVEL = 0;
				GCC_PREPROCESSOR_DEFINITIONS = (
					"DEBUG=1",
					"$(inherited)",
				);
				GCC_WARN_64_TO_32_BIT_CONVERSION = YES;
				GCC_WARN_ABOUT_RETURN_TYPE = YES_ERROR;
				GCC_WARN_UNDECLARED_SELECTOR = YES;
				GCC_WARN_UNINITIALIZED_AUTOS = YES_AGGRESSIVE;
				GCC_WARN_UNUSED_FUNCTION = YES;
				GCC_WARN_UNUSED_VARIABLE = YES;
				IPHONEOS_DEPLOYMENT_TARGET = 12.4;
				MTL_ENABLE_DEBUG_INFO = INCLUDE_SOURCE;
				MTL_FAST_MATH = YES;
				ONLY_ACTIVE_ARCH = YES;
				SDKROOT = iphoneos;
				SWIFT_ACTIVE_COMPILATION_CONDITIONS = DEBUG;
				SWIFT_OPTIMIZATION_LEVEL = "-Onone";
			};
			name = Debug;
		};
		32512DA2232C7AA200E71DB5 /* Release */ = {
			isa = XCBuildConfiguration;
			buildSettings = {
				ALWAYS_SEARCH_USER_PATHS = NO;
				CLANG_ANALYZER_NONNULL = YES;
				CLANG_ANALYZER_NUMBER_OBJECT_CONVERSION = YES_AGGRESSIVE;
				CLANG_CXX_LANGUAGE_STANDARD = "gnu++14";
				CLANG_CXX_LIBRARY = "libc++";
				CLANG_ENABLE_MODULES = YES;
				CLANG_ENABLE_OBJC_ARC = YES;
				CLANG_ENABLE_OBJC_WEAK = YES;
				CLANG_WARN_BLOCK_CAPTURE_AUTORELEASING = YES;
				CLANG_WARN_BOOL_CONVERSION = YES;
				CLANG_WARN_COMMA = YES;
				CLANG_WARN_CONSTANT_CONVERSION = YES;
				CLANG_WARN_DEPRECATED_OBJC_IMPLEMENTATIONS = YES;
				CLANG_WARN_DIRECT_OBJC_ISA_USAGE = YES_ERROR;
				CLANG_WARN_DOCUMENTATION_COMMENTS = YES;
				CLANG_WARN_EMPTY_BODY = YES;
				CLANG_WARN_ENUM_CONVERSION = YES;
				CLANG_WARN_INFINITE_RECURSION = YES;
				CLANG_WARN_INT_CONVERSION = YES;
				CLANG_WARN_NON_LITERAL_NULL_CONVERSION = YES;
				CLANG_WARN_OBJC_IMPLICIT_RETAIN_SELF = YES;
				CLANG_WARN_OBJC_LITERAL_CONVERSION = YES;
				CLANG_WARN_OBJC_ROOT_CLASS = YES_ERROR;
				CLANG_WARN_RANGE_LOOP_ANALYSIS = YES;
				CLANG_WARN_STRICT_PROTOTYPES = YES;
				CLANG_WARN_SUSPICIOUS_MOVE = YES;
				CLANG_WARN_UNGUARDED_AVAILABILITY = YES_AGGRESSIVE;
				CLANG_WARN_UNREACHABLE_CODE = YES;
				CLANG_WARN__DUPLICATE_METHOD_MATCH = YES;
				CODE_SIGN_IDENTITY = "iPhone Developer";
				COPY_PHASE_STRIP = NO;
				DEBUG_INFORMATION_FORMAT = "dwarf-with-dsym";
				ENABLE_NS_ASSERTIONS = NO;
				ENABLE_STRICT_OBJC_MSGSEND = YES;
				GCC_C_LANGUAGE_STANDARD = gnu11;
				GCC_NO_COMMON_BLOCKS = YES;
				GCC_WARN_64_TO_32_BIT_CONVERSION = YES;
				GCC_WARN_ABOUT_RETURN_TYPE = YES_ERROR;
				GCC_WARN_UNDECLARED_SELECTOR = YES;
				GCC_WARN_UNINITIALIZED_AUTOS = YES_AGGRESSIVE;
				GCC_WARN_UNUSED_FUNCTION = YES;
				GCC_WARN_UNUSED_VARIABLE = YES;
				IPHONEOS_DEPLOYMENT_TARGET = 12.4;
				MTL_ENABLE_DEBUG_INFO = NO;
				MTL_FAST_MATH = YES;
				SDKROOT = iphoneos;
				SWIFT_COMPILATION_MODE = wholemodule;
				SWIFT_OPTIMIZATION_LEVEL = "-O";
				VALIDATE_PRODUCT = YES;
			};
			name = Release;
		};
		32512DA4232C7AA200E71DB5 /* Debug */ = {
			isa = XCBuildConfiguration;
			baseConfigurationReference = 9C20935BD3BDEB175F06F0F2 /* Pods-PackageGuardian.debug.xcconfig */;
			buildSettings = {
				ASSETCATALOG_COMPILER_APPICON_NAME = AppIcon;
				CODE_SIGN_STYLE = Automatic;
				DEVELOPMENT_TEAM = S2WVD436E7;
				INFOPLIST_FILE = PackageGuardian/Info.plist;
				IPHONEOS_DEPLOYMENT_TARGET = 13.0;
				LD_RUNPATH_SEARCH_PATHS = (
					"$(inherited)",
					"@executable_path/Frameworks",
				);
				PRODUCT_BUNDLE_IDENTIFIER = SSW695.PackageGuardian;
				PRODUCT_NAME = "$(TARGET_NAME)";
				SWIFT_VERSION = 5.0;
				TARGETED_DEVICE_FAMILY = "1,2";
			};
			name = Debug;
		};
		32512DA5232C7AA200E71DB5 /* Release */ = {
			isa = XCBuildConfiguration;
			baseConfigurationReference = 653CA74709E4D20DFE3A24B0 /* Pods-PackageGuardian.release.xcconfig */;
			buildSettings = {
				ASSETCATALOG_COMPILER_APPICON_NAME = AppIcon;
				CODE_SIGN_STYLE = Automatic;
				DEVELOPMENT_TEAM = S2WVD436E7;
				INFOPLIST_FILE = PackageGuardian/Info.plist;
				IPHONEOS_DEPLOYMENT_TARGET = 13.0;
				LD_RUNPATH_SEARCH_PATHS = (
					"$(inherited)",
					"@executable_path/Frameworks",
				);
				PRODUCT_BUNDLE_IDENTIFIER = SSW695.PackageGuardian;
				PRODUCT_NAME = "$(TARGET_NAME)";
				SWIFT_VERSION = 5.0;
				TARGETED_DEVICE_FAMILY = "1,2";
			};
			name = Release;
		};
		32512DA7232C7AA200E71DB5 /* Debug */ = {
			isa = XCBuildConfiguration;
			baseConfigurationReference = D0AAF68039F9A2C9D73462D4 /* Pods-PackageGuardianTests.debug.xcconfig */;
			buildSettings = {
				ALWAYS_EMBED_SWIFT_STANDARD_LIBRARIES = YES;
				BUNDLE_LOADER = "$(TEST_HOST)";
				CODE_SIGN_STYLE = Automatic;
				DEVELOPMENT_TEAM = S2WVD436E7;
				INFOPLIST_FILE = PackageGuardianTests/Info.plist;
				LD_RUNPATH_SEARCH_PATHS = (
					"$(inherited)",
					"@executable_path/Frameworks",
					"@loader_path/Frameworks",
				);
				PRODUCT_BUNDLE_IDENTIFIER = SSW695.PackageGuardianTests;
				PRODUCT_NAME = "$(TARGET_NAME)";
				SWIFT_VERSION = 5.0;
				TARGETED_DEVICE_FAMILY = "1,2";
				TEST_HOST = "$(BUILT_PRODUCTS_DIR)/PackageGuardian.app/PackageGuardian";
			};
			name = Debug;
		};
		32512DA8232C7AA200E71DB5 /* Release */ = {
			isa = XCBuildConfiguration;
			baseConfigurationReference = 2CAE15DE43DD9D569CD5FE52 /* Pods-PackageGuardianTests.release.xcconfig */;
			buildSettings = {
				ALWAYS_EMBED_SWIFT_STANDARD_LIBRARIES = YES;
				BUNDLE_LOADER = "$(TEST_HOST)";
				CODE_SIGN_STYLE = Automatic;
				DEVELOPMENT_TEAM = S2WVD436E7;
				INFOPLIST_FILE = PackageGuardianTests/Info.plist;
				LD_RUNPATH_SEARCH_PATHS = (
					"$(inherited)",
					"@executable_path/Frameworks",
					"@loader_path/Frameworks",
				);
				PRODUCT_BUNDLE_IDENTIFIER = SSW695.PackageGuardianTests;
				PRODUCT_NAME = "$(TARGET_NAME)";
				SWIFT_VERSION = 5.0;
				TARGETED_DEVICE_FAMILY = "1,2";
				TEST_HOST = "$(BUILT_PRODUCTS_DIR)/PackageGuardian.app/PackageGuardian";
			};
			name = Release;
		};
		32512DAA232C7AA200E71DB5 /* Debug */ = {
			isa = XCBuildConfiguration;
			baseConfigurationReference = FACBC50417740A6460D4A8CA /* Pods-PackageGuardianUITests.debug.xcconfig */;
			buildSettings = {
				ALWAYS_EMBED_SWIFT_STANDARD_LIBRARIES = YES;
				CODE_SIGN_STYLE = Automatic;
				DEVELOPMENT_TEAM = S2WVD436E7;
				INFOPLIST_FILE = PackageGuardianUITests/Info.plist;
				LD_RUNPATH_SEARCH_PATHS = (
					"$(inherited)",
					"@executable_path/Frameworks",
					"@loader_path/Frameworks",
				);
				PRODUCT_BUNDLE_IDENTIFIER = SSW695.PackageGuardianUITests;
				PRODUCT_NAME = "$(TARGET_NAME)";
				SWIFT_VERSION = 5.0;
				TARGETED_DEVICE_FAMILY = "1,2";
				TEST_TARGET_NAME = PackageGuardian;
			};
			name = Debug;
		};
		32512DAB232C7AA200E71DB5 /* Release */ = {
			isa = XCBuildConfiguration;
			baseConfigurationReference = F5F4674A70DACE6719BA3E7B /* Pods-PackageGuardianUITests.release.xcconfig */;
			buildSettings = {
				ALWAYS_EMBED_SWIFT_STANDARD_LIBRARIES = YES;
				CODE_SIGN_STYLE = Automatic;
				DEVELOPMENT_TEAM = S2WVD436E7;
				INFOPLIST_FILE = PackageGuardianUITests/Info.plist;
				LD_RUNPATH_SEARCH_PATHS = (
					"$(inherited)",
					"@executable_path/Frameworks",
					"@loader_path/Frameworks",
				);
				PRODUCT_BUNDLE_IDENTIFIER = SSW695.PackageGuardianUITests;
				PRODUCT_NAME = "$(TARGET_NAME)";
				SWIFT_VERSION = 5.0;
				TARGETED_DEVICE_FAMILY = "1,2";
				TEST_TARGET_NAME = PackageGuardian;
			};
			name = Release;
		};
/* End XCBuildConfiguration section */

/* Begin XCConfigurationList section */
		32512D76232C7AA100E71DB5 /* Build configuration list for PBXProject "PackageGuardian" */ = {
			isa = XCConfigurationList;
			buildConfigurations = (
				32512DA1232C7AA200E71DB5 /* Debug */,
				32512DA2232C7AA200E71DB5 /* Release */,
			);
			defaultConfigurationIsVisible = 0;
			defaultConfigurationName = Release;
		};
		32512DA3232C7AA200E71DB5 /* Build configuration list for PBXNativeTarget "PackageGuardian" */ = {
			isa = XCConfigurationList;
			buildConfigurations = (
				32512DA4232C7AA200E71DB5 /* Debug */,
				32512DA5232C7AA200E71DB5 /* Release */,
			);
			defaultConfigurationIsVisible = 0;
			defaultConfigurationName = Release;
		};
		32512DA6232C7AA200E71DB5 /* Build configuration list for PBXNativeTarget "PackageGuardianTests" */ = {
			isa = XCConfigurationList;
			buildConfigurations = (
				32512DA7232C7AA200E71DB5 /* Debug */,
				32512DA8232C7AA200E71DB5 /* Release */,
			);
			defaultConfigurationIsVisible = 0;
			defaultConfigurationName = Release;
		};
		32512DA9232C7AA200E71DB5 /* Build configuration list for PBXNativeTarget "PackageGuardianUITests" */ = {
			isa = XCConfigurationList;
			buildConfigurations = (
				32512DAA232C7AA200E71DB5 /* Debug */,
				32512DAB232C7AA200E71DB5 /* Release */,
			);
			defaultConfigurationIsVisible = 0;
			defaultConfigurationName = Release;
		};
/* End XCConfigurationList section */
	};
	rootObject = 32512D73232C7AA100E71DB5 /* Project object */;
}
